
Microsoft Visual Studio Solution File, Format Version 12.00
# Visual Studio Version 17
VisualStudioVersion = 17.1.32228.430
MinimumVisualStudioVersion = 10.0.40219.1
Project("{9A19103F-16F7-4668-BE54-9A1E7A4F7556}") = "EntityFrameworkCoreBasicDemo", "EntityFrameworkCoreDemo\EntityFrameworkCoreBasicDemo.csproj", "{C0E066E9-EA1F-4D44-84D7-253A6D176C0E}"
EndProject
Project("{FAE04EC0-301F-11D3-BF4B-00C04F79EFBC}") = "OneToManyDemo", "OneToManyDemo\OneToManyDemo.csproj", "{06DE57F5-FDEA-4471-9E5E-71AEBC3F5F5D}"
EndProject
Global
	GlobalSection(SolutionConfigurationPlatforms) = preSolution
		Debug|Any CPU = Debug|Any CPU
		Release|Any CPU = Release|Any CPU
	EndGlobalSection
	GlobalSection(ProjectConfigurationPlatforms) = postSolution
		{C0E066E9-EA1F-4D44-84D7-253A6D176C0E}.Debug|Any CPU.ActiveCfg = Debug|Any CPU
		{C0E066E9-EA1F-4D44-84D7-253A6D176C0E}.Debug|Any CPU.Build.0 = Debug|Any CPU
		{C0E066E9-EA1F-4D44-84D7-253A6D176C0E}.Release|Any CPU.ActiveCfg = Release|Any CPU
		{C0E066E9-EA1F-4D44-84D7-253A6D176C0E}.Release|Any CPU.Build.0 = Release|Any CPU
		{06DE57F5-FDEA-4471-9E5E-71AEBC3F5F5D}.Debug|Any CPU.ActiveCfg = Debug|Any CPU
		{06DE57F5-FDEA-4471-9E5E-71AEBC3F5F5D}.Debug|Any CPU.Build.0 = Debug|Any CPU
		{06DE57F5-FDEA-4471-9E5E-71AEBC3F5F5D}.Release|Any CPU.ActiveCfg = Release|Any CPU
		{06DE57F5-FDEA-4471-9E5E-71AEBC3F5F5D}.Release|Any CPU.Build.0 = Release|Any CPU
	EndGlobalSection
	GlobalSection(SolutionProperties) = preSolution
		HideSolutionNode = FALSE
	EndGlobalSection
	GlobalSection(ExtensibilityGlobals) = postSolution
		SolutionGuid = {5D4A9B5D-9A01-465F-982B-B4D069C3BEEE}
	EndGlobalSection
EndGlobal
